
Microsoft Visual Studio Solution File, Format Version 12.00
# Visual Studio Version 17
VisualStudioVersion = 17.11.35327.3
MinimumVisualStudioVersion = 10.0.40219.1
Project("{FAE04EC0-301F-11D3-BF4B-00C04F79EFBC}") = "WindowsFormsApp7", "WindowsFormsApp7\WindowsFormsApp7.csproj", "{E380F1EC-2321-4768-A81D-9B38366E888F}"
EndProject
Global
	GlobalSection(SolutionConfigurationPlatforms) = preSolution
		Debug|Any CPU = Debug|Any CPU
		Release|Any CPU = Release|Any CPU
	EndGlobalSection
	GlobalSection(ProjectConfigurationPlatforms) = postSolution
		{E380F1EC-2321-4768-A81D-9B38366E888F}.Debug|Any CPU.ActiveCfg = Debug|Any CPU
		{E380F1EC-2321-4768-A81D-9B38366E888F}.Debug|Any CPU.Build.0 = Debug|Any CPU
		{E380F1EC-2321-4768-A81D-9B38366E888F}.Release|Any CPU.ActiveCfg = Release|Any CPU
		{E380F1EC-2321-4768-A81D-9B38366E888F}.Release|Any CPU.Build.0 = Release|Any CPU
	EndGlobalSection
	GlobalSection(SolutionProperties) = preSolution
		HideSolutionNode = FALSE
	EndGlobalSection
	GlobalSection(ExtensibilityGlobals) = postSolution
		SolutionGuid = {43AE388D-996C-45C4-8999-E0E9FFD2840D}
	EndGlobalSection
EndGlobal
